
Microsoft Visual Studio Solution File, Format Version 12.00
# Visual Studio Version 17
Project("{8BC9CEB8-8B4A-11D0-8D11-00A0C91BC942}") = "ALL_BUILD", "ALL_BUILD.vcxproj", "{07B76413-A73E-3500-9870-2F82FF0A5F3C}"
	ProjectSection(ProjectDependencies) = postProject
		{4C3E71B2-3F3E-3BD4-8C98-33D02F19AB8B} = {4C3E71B2-3F3E-3BD4-8C98-33D02F19AB8B}
		{40F504BA-81F2-3F73-8F40-279568CE51E4} = {40F504BA-81F2-3F73-8F40-279568CE51E4}
		{2610EEAC-B39B-325C-9BD9-A5A6FE6BB6D7} = {2610EEAC-B39B-325C-9BD9-A5A6FE6BB6D7}
		{FDFD4237-5249-3CF6-8653-CE2CD8C80241} = {FDFD4237-5249-3CF6-8653-CE2CD8C80241}
		{04B50D1E-2F5B-31BA-B148-ED29283E013D} = {04B50D1E-2F5B-31BA-B148-ED29283E013D}
		{E16D78D2-A9DA-3FEB-A9F0-79BE7930E8DA} = {E16D78D2-A9DA-3FEB-A9F0-79BE7930E8DA}
	EndProjectSection
EndProject
Project("{8BC9CEB8-8B4A-11D0-8D11-00A0C91BC942}") = "Continuous", "_deps\libuv-build\Continuous.vcxproj", "{7064A642-75E6-3D54-997C-C9CE2BE947D7}"
	ProjectSection(ProjectDependencies) = postProject
		{4C3E71B2-3F3E-3BD4-8C98-33D02F19AB8B} = {4C3E71B2-3F3E-3BD4-8C98-33D02F19AB8B}
	EndProjectSection
EndProject
Project("{8BC9CEB8-8B4A-11D0-8D11-00A0C91BC942}") = "Experimental", "_deps\libuv-build\Experimental.vcxproj", "{69EED3E5-A693-3CBE-ACA4-2A12F6D7557C}"
	ProjectSection(ProjectDependencies) = postProject
		{4C3E71B2-3F3E-3BD4-8C98-33D02F19AB8B} = {4C3E71B2-3F3E-3BD4-8C98-33D02F19AB8B}
	EndProjectSection
EndProject
Project("{8BC9CEB8-8B4A-11D0-8D11-00A0C91BC942}") = "INSTALL", "INSTALL.vcxproj", "{AC3EEC0C-8A0B-3961-9605-96E109EC6695}"
	ProjectSection(ProjectDependencies) = postProject
		{07B76413-A73E-3500-9870-2F82FF0A5F3C} = {07B76413-A73E-3500-9870-2F82FF0A5F3C}
		{4C3E71B2-3F3E-3BD4-8C98-33D02F19AB8B} = {4C3E71B2-3F3E-3BD4-8C98-33D02F19AB8B}
	EndProjectSection
EndProject
Project("{8BC9CEB8-8B4A-11D0-8D11-00A0C91BC942}") = "Nightly", "_deps\libuv-build\Nightly.vcxproj", "{5D20DFEA-848F-36C6-B6DD-E87E3E4844E7}"
	ProjectSection(ProjectDependencies) = postProject
		{4C3E71B2-3F3E-3BD4-8C98-33D02F19AB8B} = {4C3E71B2-3F3E-3BD4-8C98-33D02F19AB8B}
	EndProjectSection
EndProject
Project("{8BC9CEB8-8B4A-11D0-8D11-00A0C91BC942}") = "NightlyMemoryCheck", "_deps\libuv-build\NightlyMemoryCheck.vcxproj", "{6B65E4F6-4BFE-348E-9B3D-AE1A27A37909}"
	ProjectSection(ProjectDependencies) = postProject
		{4C3E71B2-3F3E-3BD4-8C98-33D02F19AB8B} = {4C3E71B2-3F3E-3BD4-8C98-33D02F19AB8B}
	EndProjectSection
EndProject
Project("{8BC9CEB8-8B4A-11D0-8D11-00A0C91BC942}") = "ZERO_CHECK", "ZERO_CHECK.vcxproj", "{4C3E71B2-3F3E-3BD4-8C98-33D02F19AB8B}"
	ProjectSection(ProjectDependencies) = postProject
	EndProjectSection
EndProject
Project("{8BC9CEB8-8B4A-11D0-8D11-00A0C91BC942}") = "fmt", "_deps\fmt-build\fmt.vcxproj", "{40F504BA-81F2-3F73-8F40-279568CE51E4}"
	ProjectSection(ProjectDependencies) = postProject
		{4C3E71B2-3F3E-3BD4-8C98-33D02F19AB8B} = {4C3E71B2-3F3E-3BD4-8C98-33D02F19AB8B}
	EndProjectSection
EndProject
Project("{8BC9CEB8-8B4A-11D0-8D11-00A0C91BC942}") = "usockets", "usockets.vcxproj", "{2610EEAC-B39B-325C-9BD9-A5A6FE6BB6D7}"
	ProjectSection(ProjectDependencies) = postProject
		{4C3E71B2-3F3E-3BD4-8C98-33D02F19AB8B} = {4C3E71B2-3F3E-3BD4-8C98-33D02F19AB8B}
		{FDFD4237-5249-3CF6-8653-CE2CD8C80241} = {FDFD4237-5249-3CF6-8653-CE2CD8C80241}
	EndProjectSection
EndProject
Project("{8BC9CEB8-8B4A-11D0-8D11-00A0C91BC942}") = "uv", "_deps\libuv-build\uv.vcxproj", "{FDFD4237-5249-3CF6-8653-CE2CD8C80241}"
	ProjectSection(ProjectDependencies) = postProject
		{4C3E71B2-3F3E-3BD4-8C98-33D02F19AB8B} = {4C3E71B2-3F3E-3BD4-8C98-33D02F19AB8B}
	EndProjectSection
EndProject
Project("{8BC9CEB8-8B4A-11D0-8D11-00A0C91BC942}") = "uv_a", "_deps\libuv-build\uv_a.vcxproj", "{04B50D1E-2F5B-31BA-B148-ED29283E013D}"
	ProjectSection(ProjectDependencies) = postProject
		{4C3E71B2-3F3E-3BD4-8C98-33D02F19AB8B} = {4C3E71B2-3F3E-3BD4-8C98-33D02F19AB8B}
	EndProjectSection
EndProject
Project("{8BC9CEB8-8B4A-11D0-8D11-00A0C91BC942}") = "velotick_gateway", "velotick_gateway.vcxproj", "{E16D78D2-A9DA-3FEB-A9F0-79BE7930E8DA}"
	ProjectSection(ProjectDependencies) = postProject
		{4C3E71B2-3F3E-3BD4-8C98-33D02F19AB8B} = {4C3E71B2-3F3E-3BD4-8C98-33D02F19AB8B}
		{40F504BA-81F2-3F73-8F40-279568CE51E4} = {40F504BA-81F2-3F73-8F40-279568CE51E4}
		{2610EEAC-B39B-325C-9BD9-A5A6FE6BB6D7} = {2610EEAC-B39B-325C-9BD9-A5A6FE6BB6D7}
		{FDFD4237-5249-3CF6-8653-CE2CD8C80241} = {FDFD4237-5249-3CF6-8653-CE2CD8C80241}
	EndProjectSection
EndProject
Global
	GlobalSection(SolutionConfigurationPlatforms) = preSolution
		Debug|x64 = Debug|x64
		Release|x64 = Release|x64
		MinSizeRel|x64 = MinSizeRel|x64
		RelWithDebInfo|x64 = RelWithDebInfo|x64
	EndGlobalSection
	GlobalSection(ProjectConfigurationPlatforms) = postSolution
		{07B76413-A73E-3500-9870-2F82FF0A5F3C}.Debug|x64.ActiveCfg = Debug|x64
		{07B76413-A73E-3500-9870-2F82FF0A5F3C}.Debug|x64.Build.0 = Debug|x64
		{07B76413-A73E-3500-9870-2F82FF0A5F3C}.Release|x64.ActiveCfg = Release|x64
		{07B76413-A73E-3500-9870-2F82FF0A5F3C}.Release|x64.Build.0 = Release|x64
		{07B76413-A73E-3500-9870-2F82FF0A5F3C}.MinSizeRel|x64.ActiveCfg = MinSizeRel|x64
		{07B76413-A73E-3500-9870-2F82FF0A5F3C}.MinSizeRel|x64.Build.0 = MinSizeRel|x64
		{07B76413-A73E-3500-9870-2F82FF0A5F3C}.RelWithDebInfo|x64.ActiveCfg = RelWithDebInfo|x64
		{07B76413-A73E-3500-9870-2F82FF0A5F3C}.RelWithDebInfo|x64.Build.0 = RelWithDebInfo|x64
		{7064A642-75E6-3D54-997C-C9CE2BE947D7}.Debug|x64.ActiveCfg = Debug|x64
		{7064A642-75E6-3D54-997C-C9CE2BE947D7}.Release|x64.ActiveCfg = Release|x64
		{7064A642-75E6-3D54-997C-C9CE2BE947D7}.MinSizeRel|x64.ActiveCfg = MinSizeRel|x64
		{7064A642-75E6-3D54-997C-C9CE2BE947D7}.RelWithDebInfo|x64.ActiveCfg = RelWithDebInfo|x64
		{69EED3E5-A693-3CBE-ACA4-2A12F6D7557C}.Debug|x64.ActiveCfg = Debug|x64
		{69EED3E5-A693-3CBE-ACA4-2A12F6D7557C}.Release|x64.ActiveCfg = Release|x64
		{69EED3E5-A693-3CBE-ACA4-2A12F6D7557C}.MinSizeRel|x64.ActiveCfg = MinSizeRel|x64
		{69EED3E5-A693-3CBE-ACA4-2A12F6D7557C}.RelWithDebInfo|x64.ActiveCfg = RelWithDebInfo|x64
		{AC3EEC0C-8A0B-3961-9605-96E109EC6695}.Debug|x64.ActiveCfg = Debug|x64
		{AC3EEC0C-8A0B-3961-9605-96E109EC6695}.Release|x64.ActiveCfg = Release|x64
		{AC3EEC0C-8A0B-3961-9605-96E109EC6695}.MinSizeRel|x64.ActiveCfg = MinSizeRel|x64
		{AC3EEC0C-8A0B-3961-9605-96E109EC6695}.RelWithDebInfo|x64.ActiveCfg = RelWithDebInfo|x64
		{5D20DFEA-848F-36C6-B6DD-E87E3E4844E7}.Debug|x64.ActiveCfg = Debug|x64
		{5D20DFEA-848F-36C6-B6DD-E87E3E4844E7}.Release|x64.ActiveCfg = Release|x64
		{5D20DFEA-848F-36C6-B6DD-E87E3E4844E7}.MinSizeRel|x64.ActiveCfg = MinSizeRel|x64
		{5D20DFEA-848F-36C6-B6DD-E87E3E4844E7}.RelWithDebInfo|x64.ActiveCfg = RelWithDebInfo|x64
		{6B65E4F6-4BFE-348E-9B3D-AE1A27A37909}.Debug|x64.ActiveCfg = Debug|x64
		{6B65E4F6-4BFE-348E-9B3D-AE1A27A37909}.Release|x64.ActiveCfg = Release|x64
		{6B65E4F6-4BFE-348E-9B3D-AE1A27A37909}.MinSizeRel|x64.ActiveCfg = MinSizeRel|x64
		{6B65E4F6-4BFE-348E-9B3D-AE1A27A37909}.RelWithDebInfo|x64.ActiveCfg = RelWithDebInfo|x64
		{4C3E71B2-3F3E-3BD4-8C98-33D02F19AB8B}.Debug|x64.ActiveCfg = Debug|x64
		{4C3E71B2-3F3E-3BD4-8C98-33D02F19AB8B}.Debug|x64.Build.0 = Debug|x64
		{4C3E71B2-3F3E-3BD4-8C98-33D02F19AB8B}.Release|x64.ActiveCfg = Release|x64
		{4C3E71B2-3F3E-3BD4-8C98-33D02F19AB8B}.Release|x64.Build.0 = Release|x64
		{4C3E71B2-3F3E-3BD4-8C98-33D02F19AB8B}.MinSizeRel|x64.ActiveCfg = MinSizeRel|x64
		{4C3E71B2-3F3E-3BD4-8C98-33D02F19AB8B}.MinSizeRel|x64.Build.0 = MinSizeRel|x64
		{4C3E71B2-3F3E-3BD4-8C98-33D02F19AB8B}.RelWithDebInfo|x64.ActiveCfg = RelWithDebInfo|x64
		{4C3E71B2-3F3E-3BD4-8C98-33D02F19AB8B}.RelWithDebInfo|x64.Build.0 = RelWithDebInfo|x64
		{40F504BA-81F2-3F73-8F40-279568CE51E4}.Debug|x64.ActiveCfg = Debug|x64
		{40F504BA-81F2-3F73-8F40-279568CE51E4}.Debug|x64.Build.0 = Debug|x64
		{40F504BA-81F2-3F73-8F40-279568CE51E4}.Release|x64.ActiveCfg = Release|x64
		{40F504BA-81F2-3F73-8F40-279568CE51E4}.Release|x64.Build.0 = Release|x64
		{40F504BA-81F2-3F73-8F40-279568CE51E4}.MinSizeRel|x64.ActiveCfg = MinSizeRel|x64
		{40F504BA-81F2-3F73-8F40-279568CE51E4}.MinSizeRel|x64.Build.0 = MinSizeRel|x64
		{40F504BA-81F2-3F73-8F40-279568CE51E4}.RelWithDebInfo|x64.ActiveCfg = RelWithDebInfo|x64
		{40F504BA-81F2-3F73-8F40-279568CE51E4}.RelWithDebInfo|x64.Build.0 = RelWithDebInfo|x64
		{2610EEAC-B39B-325C-9BD9-A5A6FE6BB6D7}.Debug|x64.ActiveCfg = Debug|x64
		{2610EEAC-B39B-325C-9BD9-A5A6FE6BB6D7}.Debug|x64.Build.0 = Debug|x64
		{2610EEAC-B39B-325C-9BD9-A5A6FE6BB6D7}.Release|x64.ActiveCfg = Release|x64
		{2610EEAC-B39B-325C-9BD9-A5A6FE6BB6D7}.Release|x64.Build.0 = Release|x64
		{2610EEAC-B39B-325C-9BD9-A5A6FE6BB6D7}.MinSizeRel|x64.ActiveCfg = MinSizeRel|x64
		{2610EEAC-B39B-325C-9BD9-A5A6FE6BB6D7}.MinSizeRel|x64.Build.0 = MinSizeRel|x64
		{2610EEAC-B39B-325C-9BD9-A5A6FE6BB6D7}.RelWithDebInfo|x64.ActiveCfg = RelWithDebInfo|x64
		{2610EEAC-B39B-325C-9BD9-A5A6FE6BB6D7}.RelWithDebInfo|x64.Build.0 = RelWithDebInfo|x64
		{FDFD4237-5249-3CF6-8653-CE2CD8C80241}.Debug|x64.ActiveCfg = Debug|x64
		{FDFD4237-5249-3CF6-8653-CE2CD8C80241}.Debug|x64.Build.0 = Debug|x64
		{FDFD4237-5249-3CF6-8653-CE2CD8C80241}.Release|x64.ActiveCfg = Release|x64
		{FDFD4237-5249-3CF6-8653-CE2CD8C80241}.Release|x64.Build.0 = Release|x64
		{FDFD4237-5249-3CF6-8653-CE2CD8C80241}.MinSizeRel|x64.ActiveCfg = MinSizeRel|x64
		{FDFD4237-5249-3CF6-8653-CE2CD8C80241}.MinSizeRel|x64.Build.0 = MinSizeRel|x64
		{FDFD4237-5249-3CF6-8653-CE2CD8C80241}.RelWithDebInfo|x64.ActiveCfg = RelWithDebInfo|x64
		{FDFD4237-5249-3CF6-8653-CE2CD8C80241}.RelWithDebInfo|x64.Build.0 = RelWithDebInfo|x64
		{04B50D1E-2F5B-31BA-B148-ED29283E013D}.Debug|x64.ActiveCfg = Debug|x64
		{04B50D1E-2F5B-31BA-B148-ED29283E013D}.Debug|x64.Build.0 = Debug|x64
		{04B50D1E-2F5B-31BA-B148-ED29283E013D}.Release|x64.ActiveCfg = Release|x64
		{04B50D1E-2F5B-31BA-B148-ED29283E013D}.Release|x64.Build.0 = Release|x64
		{04B50D1E-2F5B-31BA-B148-ED29283E013D}.MinSizeRel|x64.ActiveCfg = MinSizeRel|x64
		{04B50D1E-2F5B-31BA-B148-ED29283E013D}.MinSizeRel|x64.Build.0 = MinSizeRel|x64
		{04B50D1E-2F5B-31BA-B148-ED29283E013D}.RelWithDebInfo|x64.ActiveCfg = RelWithDebInfo|x64
		{04B50D1E-2F5B-31BA-B148-ED29283E013D}.RelWithDebInfo|x64.Build.0 = RelWithDebInfo|x64
		{E16D78D2-A9DA-3FEB-A9F0-79BE7930E8DA}.Debug|x64.ActiveCfg = Debug|x64
		{E16D78D2-A9DA-3FEB-A9F0-79BE7930E8DA}.Debug|x64.Build.0 = Debug|x64
		{E16D78D2-A9DA-3FEB-A9F0-79BE7930E8DA}.Release|x64.ActiveCfg = Release|x64
		{E16D78D2-A9DA-3FEB-A9F0-79BE7930E8DA}.Release|x64.Build.0 = Release|x64
		{E16D78D2-A9DA-3FEB-A9F0-79BE7930E8DA}.MinSizeRel|x64.ActiveCfg = MinSizeRel|x64
		{E16D78D2-A9DA-3FEB-A9F0-79BE7930E8DA}.MinSizeRel|x64.Build.0 = MinSizeRel|x64
		{E16D78D2-A9DA-3FEB-A9F0-79BE7930E8DA}.RelWithDebInfo|x64.ActiveCfg = RelWithDebInfo|x64
		{E16D78D2-A9DA-3FEB-A9F0-79BE7930E8DA}.RelWithDebInfo|x64.Build.0 = RelWithDebInfo|x64
	EndGlobalSection
	GlobalSection(ExtensibilityGlobals) = postSolution
		SolutionGuid = {2C344B06-3953-301C-AE04-93AE1F83C705}
	EndGlobalSection
	GlobalSection(ExtensibilityAddIns) = postSolution
	EndGlobalSection
EndGlobal
